
Microsoft Visual Studio Solution File, Format Version 12.00
# Visual Studio Version 16
VisualStudioVersion = 16.0.31205.134
MinimumVisualStudioVersion = 10.0.40219.1
Project("{FAE04EC0-301F-11D3-BF4B-00C04F79EFBC}") = "MeetingApi", "MeetingApi.csproj", "{0B39FD08-8C3E-431E-A52C-01CFA470B4E9}"
EndProject
Global
	GlobalSection(SolutionConfigurationPlatforms) = preSolution
		Debug|Any CPU = Debug|Any CPU
		Release|Any CPU = Release|Any CPU
	EndGlobalSection
	GlobalSection(ProjectConfigurationPlatforms) = postSolution
		{0B39FD08-8C3E-431E-A52C-01CFA470B4E9}.Debug|Any CPU.ActiveCfg = Debug|Any CPU
		{0B39FD08-8C3E-431E-A52C-01CFA470B4E9}.Debug|Any CPU.Build.0 = Debug|Any CPU
		{0B39FD08-8C3E-431E-A52C-01CFA470B4E9}.Release|Any CPU.ActiveCfg = Release|Any CPU
		{0B39FD08-8C3E-431E-A52C-01CFA470B4E9}.Release|Any CPU.Build.0 = Release|Any CPU
	EndGlobalSection
	GlobalSection(SolutionProperties) = preSolution
		HideSolutionNode = FALSE
	EndGlobalSection
	GlobalSection(ExtensibilityGlobals) = postSolution
		SolutionGuid = {9172AC76-52E1-456A-99E7-6D4F41241B33}
	EndGlobalSection
EndGlobal
